{
    "_readme": [
        "This file locks the dependencies of your project to a known state",
        "Read more about it at http://getcomposer.org/doc/01-basic-usage.md#composer-lock-the-lock-file",
        "This file is @generated automatically"
    ],
    "hash": "0fb245749ed923b37d2c81b3b4a1cad5",
    "packages": [
        {
            "name": "ghunti/highcharts-php",
            "version": "v3.0",
            "source": {
                "type": "git",
                "url": "https://github.com/ghunti/HighchartsPHP.git",
                "reference": "c0e824a129af03666042d0084064288d55492af9"
            },
            "dist": {
                "type": "zip",
                "url": "https://api.github.com/repos/ghunti/HighchartsPHP/zipball/c0e824a129af03666042d0084064288d55492af9",
                "reference": "c0e824a129af03666042d0084064288d55492af9",
                "shasum": ""
            },
            "require": {
                "php": ">=5.3.0"
            },
            "type": "library",
            "autoload": {
                "psr-4": {
                    "Ghunti\\HighchartsPHP\\": "src/"
                }
            },
            "notification-url": "https://packagist.org/downloads/",
            "license": [
                "GPL-3.0"
            ],
            "authors": [
                {
                    "name": "Gonçalo Queirós",
                    "email": "mail@goncaloqueiros.net",
                    "homepage": "http://goncaloqueiros.net",
                    "role": "Developer"
                }
            ],
            "description": "A php wrapper for highcharts and highstock javascript libraries",
            "homepage": "http://goncaloqueiros.net/highcharts.php",
            "keywords": [
                "charts",
                "highcharts",
                "highstock",
                "javascript",
                "php"
            ],
            "time": "2014-05-28 22:52:43"
        },
        {
            "name": "maniaplanet/dedicated-server-api",
            "version": "4.0.0",
            "source": {
                "type": "git",
                "url": "https://github.com/maniaplanet/dedicated-server-api.git",
                "reference": "6b2cf9be51c5d1169d7a589d90d85b047af4ce9e"
            },
            "dist": {
                "type": "zip",
                "url": "https://api.github.com/repos/maniaplanet/dedicated-server-api/zipball/6b2cf9be51c5d1169d7a589d90d85b047af4ce9e",
                "reference": "6b2cf9be51c5d1169d7a589d90d85b047af4ce9e",
                "shasum": ""
            },
            "require": {
                "php": ">=5.3"
            },
            "type": "library",
            "autoload": {
                "psr-4": {
                    "Maniaplanet\\": "libraries/Maniaplanet"
                }
            },
            "notification-url": "https://packagist.org/downloads/",
            "license": [
                "LGPL-3.0"
            ],
            "authors": [
                {
                    "name": "Reaby",
                    "email": "petri.jarvisalo@gmail.com",
                    "homepage": "http://www.nadeo.com/"
                }
            ],
            "description": "XML-RPC library to connect to ManiaPlanet server",
            "homepage": "https://github.com/maniaplanet/dedicated-server-api",
            "keywords": [
                "ManiaPlanet",
                "ShootMania",
                "TrackMania"
            ],
            "time": "2014-01-20 08:30:27"
        },
        {
            "name": "oliverde8/oweb-framework",
            "version": "dev-master",
            "source": {
                "type": "git",
                "url": "https://github.com/oliverde8/OWeb-Framework.git",
                "reference": "3b612683778416fd1d58ff6709c024a4a89d4ef6"
            },
            "dist": {
                "type": "zip",
                "url": "https://api.github.com/repos/oliverde8/OWeb-Framework/zipball/3b612683778416fd1d58ff6709c024a4a89d4ef6",
                "reference": "3b612683778416fd1d58ff6709c024a4a89d4ef6",
                "shasum": ""
            },
            "require": {
                "php": ">=5.3.0"
            },
            "type": "library",
            "notification-url": "https://packagist.org/downloads/",
            "authors": [
                {
                    "name": "Oliver de Cramer",
                    "homepage": "http://www.oliverde8.com/"
                }
            ],
            "description": "A simple yet powerful framework",
            "time": "2014-06-11 20:14:33"
        }
    ],
    "packages-dev": [

    ],
    "aliases": [

    ],
    "minimum-stability": "dev",
    "stability-flags": {
        "oliverde8/oweb-framework": 20
    },
    "platform": {
        "php": ">=5.3"
    },
    "platform-dev": [

    ]
}
